
Microsoft Visual Studio Solution File, Format Version 12.00
# Visual Studio Version 17
VisualStudioVersion = 17.13.35931.197 d17.13
MinimumVisualStudioVersion = 10.0.40219.1
Project("{FAE04EC0-301F-11D3-BF4B-00C04F79EFBC}") = "BankSystem", "BankSystem\BankSystem.csproj", "{7B512266-13EB-44F2-B0E6-8CF859DCEAB2}"
EndProject
Project("{FAE04EC0-301F-11D3-BF4B-00C04F79EFBC}") = "DataAccess", "DataAccess\DataAccess.csproj", "{D2947317-87ED-4E31-B283-37228AA3BF9A}"
EndProject
Project("{FAE04EC0-301F-11D3-BF4B-00C04F79EFBC}") = "EventViewr", "EventViewr\EventViewr.csproj", "{8D510021-AA4B-422F-9363-DFB75643535B}"
EndProject
Project("{FAE04EC0-301F-11D3-BF4B-00C04F79EFBC}") = "businessAccess", "businessAccess\businessAccess.csproj", "{A6245245-7626-4E1C-9FFD-D797B2D3FED4}"
EndProject
Global
	GlobalSection(SolutionConfigurationPlatforms) = preSolution
		Debug|Any CPU = Debug|Any CPU
		Release|Any CPU = Release|Any CPU
	EndGlobalSection
	GlobalSection(ProjectConfigurationPlatforms) = postSolution
		{7B512266-13EB-44F2-B0E6-8CF859DCEAB2}.Debug|Any CPU.ActiveCfg = Debug|Any CPU
		{7B512266-13EB-44F2-B0E6-8CF859DCEAB2}.Debug|Any CPU.Build.0 = Debug|Any CPU
		{7B512266-13EB-44F2-B0E6-8CF859DCEAB2}.Release|Any CPU.ActiveCfg = Release|Any CPU
		{7B512266-13EB-44F2-B0E6-8CF859DCEAB2}.Release|Any CPU.Build.0 = Release|Any CPU
		{D2947317-87ED-4E31-B283-37228AA3BF9A}.Debug|Any CPU.ActiveCfg = Debug|Any CPU
		{D2947317-87ED-4E31-B283-37228AA3BF9A}.Debug|Any CPU.Build.0 = Debug|Any CPU
		{D2947317-87ED-4E31-B283-37228AA3BF9A}.Release|Any CPU.ActiveCfg = Release|Any CPU
		{D2947317-87ED-4E31-B283-37228AA3BF9A}.Release|Any CPU.Build.0 = Release|Any CPU
		{8D510021-AA4B-422F-9363-DFB75643535B}.Debug|Any CPU.ActiveCfg = Debug|Any CPU
		{8D510021-AA4B-422F-9363-DFB75643535B}.Debug|Any CPU.Build.0 = Debug|Any CPU
		{8D510021-AA4B-422F-9363-DFB75643535B}.Release|Any CPU.ActiveCfg = Release|Any CPU
		{8D510021-AA4B-422F-9363-DFB75643535B}.Release|Any CPU.Build.0 = Release|Any CPU
		{A6245245-7626-4E1C-9FFD-D797B2D3FED4}.Debug|Any CPU.ActiveCfg = Debug|Any CPU
		{A6245245-7626-4E1C-9FFD-D797B2D3FED4}.Debug|Any CPU.Build.0 = Debug|Any CPU
		{A6245245-7626-4E1C-9FFD-D797B2D3FED4}.Release|Any CPU.ActiveCfg = Release|Any CPU
		{A6245245-7626-4E1C-9FFD-D797B2D3FED4}.Release|Any CPU.Build.0 = Release|Any CPU
	EndGlobalSection
	GlobalSection(SolutionProperties) = preSolution
		HideSolutionNode = FALSE
	EndGlobalSection
	GlobalSection(ExtensibilityGlobals) = postSolution
		SolutionGuid = {3F653650-04BF-48A6-80A7-462D61271684}
	EndGlobalSection
EndGlobal
